# THIS IS AN AUTOGENERATED FILE. DO NOT EDIT THIS FILE DIRECTLY.
# yarn lockfile v1


eslint-plugin-typescript@^0.11.0:
  version "0.11.0"
  resolved "https://registry.yarnpkg.com/eslint-plugin-typescript/-/eslint-plugin-typescript-0.11.0.tgz#a8480beeac1634271737e0ff8af32d9119b0d272"
  dependencies:
    requireindex "~1.1.0"

requireindex@~1.1.0:
  version "1.1.0"
  resolved "https://registry.yarnpkg.com/requireindex/-/requireindex-1.1.0.tgz#e5404b81557ef75db6e49c5a72004893fe03e162"
